
Microsoft Visual Studio Solution File, Format Version 12.00
# Visual Studio Version 16
VisualStudioVersion = 16.0.30503.244
MinimumVisualStudioVersion = 10.0.40219.1
Project("{FAE04EC0-301F-11D3-BF4B-00C04F79EFBC}") = "pingBall", "pingBall\pingBall.csproj", "{5786E8A2-B05C-4DB7-85C1-9F0BB5846C38}"
EndProject
Global
	GlobalSection(SolutionConfigurationPlatforms) = preSolution
		Debug|Any CPU = Debug|Any CPU
		Release|Any CPU = Release|Any CPU
	EndGlobalSection
	GlobalSection(ProjectConfigurationPlatforms) = postSolution
		{5786E8A2-B05C-4DB7-85C1-9F0BB5846C38}.Debug|Any CPU.ActiveCfg = Debug|Any CPU
		{5786E8A2-B05C-4DB7-85C1-9F0BB5846C38}.Debug|Any CPU.Build.0 = Debug|Any CPU
		{5786E8A2-B05C-4DB7-85C1-9F0BB5846C38}.Release|Any CPU.ActiveCfg = Release|Any CPU
		{5786E8A2-B05C-4DB7-85C1-9F0BB5846C38}.Release|Any CPU.Build.0 = Release|Any CPU
	EndGlobalSection
	GlobalSection(SolutionProperties) = preSolution
		HideSolutionNode = FALSE
	EndGlobalSection
	GlobalSection(ExtensibilityGlobals) = postSolution
		SolutionGuid = {9943BEBF-9614-4B48-99A8-6009C228764D}
	EndGlobalSection
EndGlobal
